{
  "originHash" : "0dc1deb1f85dd19166a9619a530048efffa499dcf420f030f14a7bb4c950a97a",
  "pins" : [
    {
      "identity" : "keyboardshortcuts",
      "kind" : "remoteSourceControl",
      "location" : "https://github.com/sindresorhus/KeyboardShortcuts",
      "state" : {
        "revision" : "1aef85578fdd4f9eaeeb8d53b7b4fc31bf08fe27",
        "version" : "2.4.0"
      }
    },
    {
      "identity" : "latexswiftui",
      "kind" : "remoteSourceControl",
      "location" : "https://github.com/colinc86/LaTeXSwiftUI",
      "state" : {
        "revision" : "c45e0fd45f64923c49c5904a9f9626bc8939f05f",
        "version" : "1.5.0"
      }
    },
    {
      "identity" : "mathjaxswift",
      "kind" : "remoteSourceControl",
      "location" : "https://github.com/colinc86/MathJaxSwift",
      "state" : {
        "revision" : "e23d6eab941da699ac4a60fb0e60f3ba5c937459",
        "version" : "3.4.0"
      }
    },
    {
      "identity" : "networkimage",
      "kind" : "remoteSourceControl",
      "location" : "https://github.com/gonzalezreal/NetworkImage",
      "state" : {
        "revision" : "2849f5323265386e200484b0d0f896e73c3411b9",
        "version" : "6.0.1"
      }
    },
    {
      "identity" : "swift-cmark",
      "kind" : "remoteSourceControl",
      "location" : "https://github.com/swiftlang/swift-cmark",
      "state" : {
        "revision" : "5d9bdaa4228b381639fff09403e39a04926e2dbe",
        "version" : "0.7.1"
      }
    },
    {
      "identity" : "swift-html-entities",
      "kind" : "remoteSourceControl",
      "location" : "https://github.com/Kitura/swift-html-entities",
      "state" : {
        "revision" : "d8ca73197f59ce260c71bd6d7f6eb8bbdccf508b",
        "version" : "4.0.1"
      }
    },
    {
      "identity" : "swift-markdown-ui",
      "kind" : "remoteSourceControl",
      "location" : "https://github.com/gonzalezreal/swift-markdown-ui",
      "state" : {
        "revision" : "5f613358148239d0292c0cef674a3c2314737f9e",
        "version" : "2.4.1"
      }
    },
    {
      "identity" : "swiftdraw",
      "kind" : "remoteSourceControl",
      "location" : "https://github.com/swhitty/SwiftDraw",
      "state" : {
        "revision" : "776456051ea2b099343e18ed8a53fca9dd2e9807",
        "version" : "0.27.0"
      }
    }
  ],
  "version" : 3
}
